
Microsoft Visual Studio Solution File, Format Version 12.00
# Visual Studio Version 18
VisualStudioVersion = 18.6.11828.311
MinimumVisualStudioVersion = 10.0.40219.1
Project("{FAE04EC0-301F-11D3-BF4B-00C04F79EFBC}") = "BatchMonitor", "BatchMonitor\BatchMonitor.csproj", "{A1B2C3D4-E5F6-7890-ABCD-EF1234567890}"
EndProject
Project("{FAE04EC0-301F-11D3-BF4B-00C04F79EFBC}") = "BatchMonitor.Core", "BatchMonitor.Core\BatchMonitor.Core.csproj", "{C2D3E4F5-A6B7-8901-CDEF-012345678901}"
EndProject
Project("{2150E333-8FDC-42A3-9474-1A3956D46DE8}") = "Solution Items", "Solution Items", "{B38ED989-B087-4F0D-A325-F7004FBE05AD}"
	ProjectSection(SolutionItems) = preProject
		BatchMonitor_Dashboard_Design.md = BatchMonitor_Dashboard_Design.md
	EndProjectSection
EndProject
Project("{FAE04EC0-301F-11D3-BF4B-00C04F79EFBC}") = "BatchMonitor.Tests", "BatchMonitor.Tests\BatchMonitor.Tests.csproj", "{588283CB-E235-4D91-A208-B48C1145CEE0}"
EndProject
Global
	GlobalSection(SolutionConfigurationPlatforms) = preSolution
		Debug|Any CPU = Debug|Any CPU
		Debug|x64 = Debug|x64
		Debug|x86 = Debug|x86
		Release|Any CPU = Release|Any CPU
		Release|x64 = Release|x64
		Release|x86 = Release|x86
	EndGlobalSection
	GlobalSection(ProjectConfigurationPlatforms) = postSolution
		{A1B2C3D4-E5F6-7890-ABCD-EF1234567890}.Debug|Any CPU.ActiveCfg = Debug|Any CPU
		{A1B2C3D4-E5F6-7890-ABCD-EF1234567890}.Debug|Any CPU.Build.0 = Debug|Any CPU
		{A1B2C3D4-E5F6-7890-ABCD-EF1234567890}.Debug|x64.ActiveCfg = Debug|Any CPU
		{A1B2C3D4-E5F6-7890-ABCD-EF1234567890}.Debug|x64.Build.0 = Debug|Any CPU
		{A1B2C3D4-E5F6-7890-ABCD-EF1234567890}.Debug|x86.ActiveCfg = Debug|Any CPU
		{A1B2C3D4-E5F6-7890-ABCD-EF1234567890}.Debug|x86.Build.0 = Debug|Any CPU
		{A1B2C3D4-E5F6-7890-ABCD-EF1234567890}.Release|Any CPU.ActiveCfg = Release|Any CPU
		{A1B2C3D4-E5F6-7890-ABCD-EF1234567890}.Release|Any CPU.Build.0 = Release|Any CPU
		{A1B2C3D4-E5F6-7890-ABCD-EF1234567890}.Release|x64.ActiveCfg = Release|Any CPU
		{A1B2C3D4-E5F6-7890-ABCD-EF1234567890}.Release|x64.Build.0 = Release|Any CPU
		{A1B2C3D4-E5F6-7890-ABCD-EF1234567890}.Release|x86.ActiveCfg = Release|Any CPU
		{A1B2C3D4-E5F6-7890-ABCD-EF1234567890}.Release|x86.Build.0 = Release|Any CPU
		{C2D3E4F5-A6B7-8901-CDEF-012345678901}.Debug|Any CPU.ActiveCfg = Debug|Any CPU
		{C2D3E4F5-A6B7-8901-CDEF-012345678901}.Debug|Any CPU.Build.0 = Debug|Any CPU
		{C2D3E4F5-A6B7-8901-CDEF-012345678901}.Debug|x64.ActiveCfg = Debug|Any CPU
		{C2D3E4F5-A6B7-8901-CDEF-012345678901}.Debug|x64.Build.0 = Debug|Any CPU
		{C2D3E4F5-A6B7-8901-CDEF-012345678901}.Debug|x86.ActiveCfg = Debug|Any CPU
		{C2D3E4F5-A6B7-8901-CDEF-012345678901}.Debug|x86.Build.0 = Debug|Any CPU
		{C2D3E4F5-A6B7-8901-CDEF-012345678901}.Release|Any CPU.ActiveCfg = Release|Any CPU
		{C2D3E4F5-A6B7-8901-CDEF-012345678901}.Release|Any CPU.Build.0 = Release|Any CPU
		{C2D3E4F5-A6B7-8901-CDEF-012345678901}.Release|x64.ActiveCfg = Release|Any CPU
		{C2D3E4F5-A6B7-8901-CDEF-012345678901}.Release|x64.Build.0 = Release|Any CPU
		{C2D3E4F5-A6B7-8901-CDEF-012345678901}.Release|x86.ActiveCfg = Release|Any CPU
		{C2D3E4F5-A6B7-8901-CDEF-012345678901}.Release|x86.Build.0 = Release|Any CPU
		{588283CB-E235-4D91-A208-B48C1145CEE0}.Debug|Any CPU.ActiveCfg = Debug|Any CPU
		{588283CB-E235-4D91-A208-B48C1145CEE0}.Debug|Any CPU.Build.0 = Debug|Any CPU
		{588283CB-E235-4D91-A208-B48C1145CEE0}.Debug|x64.ActiveCfg = Debug|Any CPU
		{588283CB-E235-4D91-A208-B48C1145CEE0}.Debug|x64.Build.0 = Debug|Any CPU
		{588283CB-E235-4D91-A208-B48C1145CEE0}.Debug|x86.ActiveCfg = Debug|Any CPU
		{588283CB-E235-4D91-A208-B48C1145CEE0}.Debug|x86.Build.0 = Debug|Any CPU
		{588283CB-E235-4D91-A208-B48C1145CEE0}.Release|Any CPU.ActiveCfg = Release|Any CPU
		{588283CB-E235-4D91-A208-B48C1145CEE0}.Release|Any CPU.Build.0 = Release|Any CPU
		{588283CB-E235-4D91-A208-B48C1145CEE0}.Release|x64.ActiveCfg = Release|Any CPU
		{588283CB-E235-4D91-A208-B48C1145CEE0}.Release|x64.Build.0 = Release|Any CPU
		{588283CB-E235-4D91-A208-B48C1145CEE0}.Release|x86.ActiveCfg = Release|Any CPU
		{588283CB-E235-4D91-A208-B48C1145CEE0}.Release|x86.Build.0 = Release|Any CPU
	EndGlobalSection
	GlobalSection(SolutionProperties) = preSolution
		HideSolutionNode = FALSE
	EndGlobalSection
	GlobalSection(ExtensibilityGlobals) = postSolution
		SolutionGuid = {65914923-6881-41D2-BEA9-ED56992F80B3}
	EndGlobalSection
EndGlobal
